
Microsoft Visual Studio Solution File, Format Version 12.00
# Visual Studio Version 16
VisualStudioVersion = 16.0.31112.23
MinimumVisualStudioVersion = 10.0.40219.1
Project("{FAE04EC0-301F-11D3-BF4B-00C04F79EFBC}") = "KartOyunu", "KartOyunu\KartOyunu.csproj", "{D5DF972C-30DC-4859-A56F-A39FE849462E}"
EndProject
Global
	GlobalSection(SolutionConfigurationPlatforms) = preSolution
		Debug|Any CPU = Debug|Any CPU
		Release|Any CPU = Release|Any CPU
	EndGlobalSection
	GlobalSection(ProjectConfigurationPlatforms) = postSolution
		{D5DF972C-30DC-4859-A56F-A39FE849462E}.Debug|Any CPU.ActiveCfg = Debug|Any CPU
		{D5DF972C-30DC-4859-A56F-A39FE849462E}.Debug|Any CPU.Build.0 = Debug|Any CPU
		{D5DF972C-30DC-4859-A56F-A39FE849462E}.Release|Any CPU.ActiveCfg = Release|Any CPU
		{D5DF972C-30DC-4859-A56F-A39FE849462E}.Release|Any CPU.Build.0 = Release|Any CPU
	EndGlobalSection
	GlobalSection(SolutionProperties) = preSolution
		HideSolutionNode = FALSE
	EndGlobalSection
	GlobalSection(ExtensibilityGlobals) = postSolution
		SolutionGuid = {A6E9FDCA-8EDC-4F89-8D7E-1B202A7698FE}
	EndGlobalSection
EndGlobal
